
Microsoft Visual Studio Solution File, Format Version 12.00
# Visual Studio 15
VisualStudioVersion = 15.0.28010.2016
MinimumVisualStudioVersion = 10.0.40219.1
Project("{FAE04EC0-301F-11D3-BF4B-00C04F79EFBC}") = "SmlGround.Web", "SmlGround\SmlGround.Web.csproj", "{2B4D1E4C-F9C0-4DD5-8EF1-0B7620E45AFD}"
EndProject
Project("{FAE04EC0-301F-11D3-BF4B-00C04F79EFBC}") = "SmlGround.DataAccess", "SmlGround.DataAccess\SmlGround.DataAccess.csproj", "{3D887AB6-E4E0-4E2D-A498-0D57B2329C8A}"
EndProject
Project("{FAE04EC0-301F-11D3-BF4B-00C04F79EFBC}") = "SmlGround.DLL", "SmlGround.DLL\SmlGround.DLL.csproj", "{B57A6350-080C-49E3-9C9A-7C41C66946C0}"
EndProject
Project("{FAE04EC0-301F-11D3-BF4B-00C04F79EFBC}") = "Common", "Common\Common.csproj", "{04CC594C-8214-46C2-9C31-5B432054D4DE}"
EndProject
Project("{FAE04EC0-301F-11D3-BF4B-00C04F79EFBC}") = "SmlGround.Tests.DLL", "SmlGround.Tests.DLL\SmlGround.Tests.DLL.csproj", "{37A0DE38-FBC3-4545-BEE7-3F15B763271F}"
EndProject
Global
	GlobalSection(SolutionConfigurationPlatforms) = preSolution
		Debug|Any CPU = Debug|Any CPU
		Release|Any CPU = Release|Any CPU
	EndGlobalSection
	GlobalSection(ProjectConfigurationPlatforms) = postSolution
		{2B4D1E4C-F9C0-4DD5-8EF1-0B7620E45AFD}.Debug|Any CPU.ActiveCfg = Debug|Any CPU
		{2B4D1E4C-F9C0-4DD5-8EF1-0B7620E45AFD}.Debug|Any CPU.Build.0 = Debug|Any CPU
		{2B4D1E4C-F9C0-4DD5-8EF1-0B7620E45AFD}.Release|Any CPU.ActiveCfg = Release|Any CPU
		{2B4D1E4C-F9C0-4DD5-8EF1-0B7620E45AFD}.Release|Any CPU.Build.0 = Release|Any CPU
		{3D887AB6-E4E0-4E2D-A498-0D57B2329C8A}.Debug|Any CPU.ActiveCfg = Debug|Any CPU
		{3D887AB6-E4E0-4E2D-A498-0D57B2329C8A}.Debug|Any CPU.Build.0 = Debug|Any CPU
		{3D887AB6-E4E0-4E2D-A498-0D57B2329C8A}.Release|Any CPU.ActiveCfg = Release|Any CPU
		{3D887AB6-E4E0-4E2D-A498-0D57B2329C8A}.Release|Any CPU.Build.0 = Release|Any CPU
		{B57A6350-080C-49E3-9C9A-7C41C66946C0}.Debug|Any CPU.ActiveCfg = Debug|Any CPU
		{B57A6350-080C-49E3-9C9A-7C41C66946C0}.Debug|Any CPU.Build.0 = Debug|Any CPU
		{B57A6350-080C-49E3-9C9A-7C41C66946C0}.Release|Any CPU.ActiveCfg = Release|Any CPU
		{B57A6350-080C-49E3-9C9A-7C41C66946C0}.Release|Any CPU.Build.0 = Release|Any CPU
		{04CC594C-8214-46C2-9C31-5B432054D4DE}.Debug|Any CPU.ActiveCfg = Debug|Any CPU
		{04CC594C-8214-46C2-9C31-5B432054D4DE}.Debug|Any CPU.Build.0 = Debug|Any CPU
		{04CC594C-8214-46C2-9C31-5B432054D4DE}.Release|Any CPU.ActiveCfg = Release|Any CPU
		{04CC594C-8214-46C2-9C31-5B432054D4DE}.Release|Any CPU.Build.0 = Release|Any CPU
		{37A0DE38-FBC3-4545-BEE7-3F15B763271F}.Debug|Any CPU.ActiveCfg = Debug|Any CPU
		{37A0DE38-FBC3-4545-BEE7-3F15B763271F}.Debug|Any CPU.Build.0 = Debug|Any CPU
		{37A0DE38-FBC3-4545-BEE7-3F15B763271F}.Release|Any CPU.ActiveCfg = Release|Any CPU
		{37A0DE38-FBC3-4545-BEE7-3F15B763271F}.Release|Any CPU.Build.0 = Release|Any CPU
	EndGlobalSection
	GlobalSection(SolutionProperties) = preSolution
		HideSolutionNode = FALSE
	EndGlobalSection
	GlobalSection(ExtensibilityGlobals) = postSolution
		SolutionGuid = {5D682661-958F-4D34-B275-B490C2284940}
	EndGlobalSection
EndGlobal
